
Microsoft Visual Studio Solution File, Format Version 12.00
# Visual Studio Version 16
VisualStudioVersion = 16.0.31005.135
MinimumVisualStudioVersion = 10.0.40219.1
Project("{9A19103F-16F7-4668-BE54-9A1E7A4F7556}") = "RunLengthEncoding", "RunLengthEncoding.csproj", "{20EF7BB5-D774-4AAF-A6F9-5181A8E2B67B}"
EndProject
Global
	GlobalSection(SolutionConfigurationPlatforms) = preSolution
		Debug|Any CPU = Debug|Any CPU
		Release|Any CPU = Release|Any CPU
	EndGlobalSection
	GlobalSection(ProjectConfigurationPlatforms) = postSolution
		{20EF7BB5-D774-4AAF-A6F9-5181A8E2B67B}.Debug|Any CPU.ActiveCfg = Debug|Any CPU
		{20EF7BB5-D774-4AAF-A6F9-5181A8E2B67B}.Debug|Any CPU.Build.0 = Debug|Any CPU
		{20EF7BB5-D774-4AAF-A6F9-5181A8E2B67B}.Release|Any CPU.ActiveCfg = Release|Any CPU
		{20EF7BB5-D774-4AAF-A6F9-5181A8E2B67B}.Release|Any CPU.Build.0 = Release|Any CPU
	EndGlobalSection
	GlobalSection(SolutionProperties) = preSolution
		HideSolutionNode = FALSE
	EndGlobalSection
	GlobalSection(ExtensibilityGlobals) = postSolution
		SolutionGuid = {4AB6B8DE-C2DF-48A2-8407-4D356790573F}
	EndGlobalSection
EndGlobal
